
Microsoft Visual Studio Solution File, Format Version 12.00
# Visual Studio Version 16
VisualStudioVersion = 16.0.30804.86
MinimumVisualStudioVersion = 10.0.40219.1
Project("{FAE04EC0-301F-11D3-BF4B-00C04F79EFBC}") = "WebAPI.JWT", "WebAPI.JWT\WebAPI.JWT.csproj", "{DCF5BDA5-BC1C-4168-A3CD-5FC0C7349893}"
EndProject
Global
	GlobalSection(SolutionConfigurationPlatforms) = preSolution
		Debug|Any CPU = Debug|Any CPU
		Release|Any CPU = Release|Any CPU
	EndGlobalSection
	GlobalSection(ProjectConfigurationPlatforms) = postSolution
		{DCF5BDA5-BC1C-4168-A3CD-5FC0C7349893}.Debug|Any CPU.ActiveCfg = Debug|Any CPU
		{DCF5BDA5-BC1C-4168-A3CD-5FC0C7349893}.Debug|Any CPU.Build.0 = Debug|Any CPU
		{DCF5BDA5-BC1C-4168-A3CD-5FC0C7349893}.Release|Any CPU.ActiveCfg = Release|Any CPU
		{DCF5BDA5-BC1C-4168-A3CD-5FC0C7349893}.Release|Any CPU.Build.0 = Release|Any CPU
	EndGlobalSection
	GlobalSection(SolutionProperties) = preSolution
		HideSolutionNode = FALSE
	EndGlobalSection
	GlobalSection(ExtensibilityGlobals) = postSolution
		SolutionGuid = {38C174F7-AD33-47D3-B516-C883A719BCC0}
	EndGlobalSection
EndGlobal
